schema: '2.0'
stages:
  prepare:
    cmd: python src/prepare.py
    deps:
    - path: src/prepare.py
      hash: md5
      md5: 2a19d4b66bbb0d83333b888b82a9582c
      size: 564
    outs:
    - path: data/raw
      hash: md5
      md5: 2d6688ff1de8ee382655f8ee24ace648.dir
      size: 31220545
      nfiles: 1
  preprocess:
    cmd: python src/preprocess.py
    deps:
    - path: data/raw
      hash: md5
      md5: 2d6688ff1de8ee382655f8ee24ace648.dir
      size: 31220545
      nfiles: 1
    - path: src/preprocess.py
      hash: md5
      md5: f34bdbc09b5b334d6c9dcb89220544f8
      size: 1308
    params:
      params.yaml:
        preprocess:
          test_size: 0.1
          seed: 42
    outs:
    - path: data/processed
      hash: md5
      md5: 69ec4d09f4d5c980c87a35e7f35ed23e.dir
      size: 46351237
      nfiles: 3
  train:
    cmd: python src/train.py
    deps:
    - path: data/processed
      hash: md5
      md5: 69ec4d09f4d5c980c87a35e7f35ed23e.dir
      size: 46351237
      nfiles: 3
    - path: src/train.py
      hash: md5
      md5: 13b2566768d13db6ca4344b8823bae24
      size: 1573
    params:
      params.yaml:
        train:
          dense_units: 256
          dropout_rate: 0.2
          learning_rate: 0.001
          epochs: 10
          batch_size: 64
          seed: 42
    outs:
    - path: models/history.csv
      hash: md5
      md5: 81f8b61dee48bd838fade30838e113bd
      size: 842
    - path: models/model.h5
      hash: md5
      md5: 67d6ec06308ca050d3e4de263d10272b
      size: 2466904
  evaluate:
    cmd: python src/evaluate.py
    deps:
    - path: data/processed/test.npz
      hash: md5
      md5: d6397e96eb116f3d4f758db1631d78f9
      size: 6645547
    - path: models/model.h5
      hash: md5
      md5: 67d6ec06308ca050d3e4de263d10272b
      size: 2466904
    - path: src/evaluate.py
      hash: md5
      md5: 4c328c574b64bf1915eef38bcdfce718
      size: 1293
    outs:
    - path: metrics.json
      hash: md5
      md5: cfd79befdeef1d91d57fbb70d988b95b
      size: 79
    - path: reports/confusion_matrix.png
      hash: md5
      md5: 8812952ca8550b24b981a2eb248eab2d
      size: 73563
