schema: '2.0'
stages:
  prepare:
    cmd: python src/prepare.py
    deps:
    - path: src/prepare.py
      hash: md5
      md5: 2a19d4b66bbb0d83333b888b82a9582c
      size: 564
    outs:
    - path: data/raw
      hash: md5
      md5: 2d6688ff1de8ee382655f8ee24ace648.dir
      size: 31220545
      nfiles: 1
  preprocess:
    cmd: python src/preprocess.py
    deps:
    - path: data/raw
      hash: md5
      md5: 2d6688ff1de8ee382655f8ee24ace648.dir
      size: 31220545
      nfiles: 1
    - path: src/preprocess.py
      hash: md5
      md5: 5963e7d7b95e86632bb2d4651c09a5f7
      size: 1253
    params:
      params.yaml:
        preprocess:
          test_size: 0.1
          seed: 42
    outs:
    - path: data/processed
      hash: md5
      md5: 436f5c303b0864cfa4318651925bcb5e.dir
      size: 46742843
      nfiles: 3
  train:
    cmd: python src/train.py
    deps:
    - path: data/processed
      hash: md5
      md5: 436f5c303b0864cfa4318651925bcb5e.dir
      size: 46742843
      nfiles: 3
    - path: src/train.py
      hash: md5
      md5: 13b2566768d13db6ca4344b8823bae24
      size: 1573
    params:
      params.yaml:
        train:
          dense_units: 256
          dropout_rate: 0.2
          learning_rate: 0.001
          epochs: 10
          batch_size: 64
          seed: 42
    outs:
    - path: models/history.csv
      hash: md5
      md5: 5f0f550b2b05680db2eb41ba139eb07a
      size: 845
    - path: models/model.h5
      hash: md5
      md5: b41eefa890e1e197ed4c4c29e047e7a5
      size: 2466904
  evaluate:
    cmd: python src/evaluate.py
    deps:
    - path: data/processed/test.npz
      hash: md5
      md5: 14ccf4418b5dc26c5b2bc3a9aa243a14
      size: 6704140
    - path: models/model.h5
      hash: md5
      md5: b41eefa890e1e197ed4c4c29e047e7a5
      size: 2466904
    - path: src/evaluate.py
      hash: md5
      md5: 4c328c574b64bf1915eef38bcdfce718
      size: 1293
    outs:
    - path: metrics.json
      hash: md5
      md5: 36565bf0069c08e15ba7b8a78b65a58d
      size: 78
    - path: reports/confusion_matrix.png
      hash: md5
      md5: 9fbde4a8064a05af439d8b42dd4394e8
      size: 74314
